// !$*UTF8*$!
{
	archiveVersion = 1;
	classes = {
	};
	objectVersion = 46;
	objects = {

/* Begin PBXBuildFile section */
		436E1E99187DEF56003BB1E6 /* ButtonMenu.m in Sources */ = {isa = PBXBuildFile; fileRef = 436E1E98187DEF56003BB1E6 /* ButtonMenu.m */; };
		436E1EDC187EEA45003BB1E6 /* DB HELVETHAICA X BD COND IT V3.2.TTF in Resources */ = {isa = PBXBuildFile; fileRef = 436E1EDB187EEA45003BB1E6 /* DB HELVETHAICA X BD COND IT V3.2.TTF */; };
		43CE9C8818709D4000AAD780 /* Test_VideoTransparent.mp4 in Resources */ = {isa = PBXBuildFile; fileRef = 43CE9C8518709D4000AAD780 /* Test_VideoTransparent.mp4 */; };
		43CE9C8E1871934900AAD780 /* ViewExterior.m in Sources */ = {isa = PBXBuildFile; fileRef = 43CE9C8D1871934900AAD780 /* ViewExterior.m */; };
		43CE9C911871935800AAD780 /* ViewInterior.m in Sources */ = {isa = PBXBuildFile; fileRef = 43CE9C901871935800AAD780 /* ViewInterior.m */; };
		43CE9CA21871C4F900AAD780 /* QuartzCore.framework in Frameworks */ = {isa = PBXBuildFile; fileRef = 43CE9CA11871C4F900AAD780 /* QuartzCore.framework */; };
		43CE9CA61871C54F00AAD780 /* JAPanoView.m in Sources */ = {isa = PBXBuildFile; fileRef = 43CE9CA51871C54F00AAD780 /* JAPanoView.m */; };
		43CE9CAA1871CFD600AAD780 /* ViewE.m in Sources */ = {isa = PBXBuildFile; fileRef = 43CE9CA91871CFD600AAD780 /* ViewE.m */; };
		43D63DE5186F4C310070530E /* Foundation.framework in Frameworks */ = {isa = PBXBuildFile; fileRef = 43D63DE4186F4C310070530E /* Foundation.framework */; };
		43D63DE7186F4C310070530E /* CoreGraphics.framework in Frameworks */ = {isa = PBXBuildFile; fileRef = 43D63DE6186F4C310070530E /* CoreGraphics.framework */; };
		43D63DE9186F4C310070530E /* UIKit.framework in Frameworks */ = {isa = PBXBuildFile; fileRef = 43D63DE8186F4C310070530E /* UIKit.framework */; };
		43D63DEF186F4C310070530E /* InfoPlist.strings in Resources */ = {isa = PBXBuildFile; fileRef = 43D63DED186F4C310070530E /* InfoPlist.strings */; };
		43D63DF1186F4C310070530E /* main.m in Sources */ = {isa = PBXBuildFile; fileRef = 43D63DF0186F4C310070530E /* main.m */; };
		43D63DF5186F4C310070530E /* HBAppDelegate.m in Sources */ = {isa = PBXBuildFile; fileRef = 43D63DF4186F4C310070530E /* HBAppDelegate.m */; };
		43D63DF8186F4C310070530E /* Main_iPhone.storyboard in Resources */ = {isa = PBXBuildFile; fileRef = 43D63DF6186F4C310070530E /* Main_iPhone.storyboard */; };
		43D63DFB186F4C310070530E /* Main_iPad.storyboard in Resources */ = {isa = PBXBuildFile; fileRef = 43D63DF9186F4C310070530E /* Main_iPad.storyboard */; };
		43D63DFE186F4C310070530E /* HBViewController.m in Sources */ = {isa = PBXBuildFile; fileRef = 43D63DFD186F4C310070530E /* HBViewController.m */; };
		43D63E00186F4C310070530E /* Images.xcassets in Resources */ = {isa = PBXBuildFile; fileRef = 43D63DFF186F4C310070530E /* Images.xcassets */; };
		43D63E07186F4C310070530E /* XCTest.framework in Frameworks */ = {isa = PBXBuildFile; fileRef = 43D63E06186F4C310070530E /* XCTest.framework */; };
		43D63E08186F4C310070530E /* Foundation.framework in Frameworks */ = {isa = PBXBuildFile; fileRef = 43D63DE4186F4C310070530E /* Foundation.framework */; };
		43D63E09186F4C310070530E /* UIKit.framework in Frameworks */ = {isa = PBXBuildFile; fileRef = 43D63DE8186F4C310070530E /* UIKit.framework */; };
		43D63E11186F4C310070530E /* InfoPlist.strings in Resources */ = {isa = PBXBuildFile; fileRef = 43D63E0F186F4C310070530E /* InfoPlist.strings */; };
		43D63E13186F4C310070530E /* HondaBestTests.m in Sources */ = {isa = PBXBuildFile; fileRef = 43D63E12186F4C310070530E /* HondaBestTests.m */; };
		43D63E1F186F50200070530E /* ViewTVC.m in Sources */ = {isa = PBXBuildFile; fileRef = 43D63E1E186F50200070530E /* ViewTVC.m */; };
		43D63E23186F53C90070530E /* ViewLanding.m in Sources */ = {isa = PBXBuildFile; fileRef = 43D63E22186F53C90070530E /* ViewLanding.m */; };
		43D63E27186F58CD0070530E /* ViewTab.m in Sources */ = {isa = PBXBuildFile; fileRef = 43D63E26186F58CD0070530E /* ViewTab.m */; };
		43D63E2C186F5E670070530E /* ViewMenu.m in Sources */ = {isa = PBXBuildFile; fileRef = 43D63E2A186F5E670070530E /* ViewMenu.m */; };
		43D63E2D186F5E670070530E /* ViewMenu.xib in Resources */ = {isa = PBXBuildFile; fileRef = 43D63E2B186F5E670070530E /* ViewMenu.xib */; };
		43D63E32186F71F30070530E /* ViewUtil.m in Sources */ = {isa = PBXBuildFile; fileRef = 43D63E31186F71F30070530E /* ViewUtil.m */; };
		43D63E36186F7E780070530E /* ViewB.m in Sources */ = {isa = PBXBuildFile; fileRef = 43D63E35186F7E780070530E /* ViewB.m */; };
		43E57415187F18BC00B11E81 /* ViewIntro.m in Sources */ = {isa = PBXBuildFile; fileRef = 43E57414187F18BC00B11E81 /* ViewIntro.m */; };
		43E5747C187F1CAF00B11E81 /* interior_0.jpg in Resources */ = {isa = PBXBuildFile; fileRef = 43E57459187F1CAF00B11E81 /* interior_0.jpg */; };
		43E5747D187F1CAF00B11E81 /* interior_1.jpg in Resources */ = {isa = PBXBuildFile; fileRef = 43E5745A187F1CAF00B11E81 /* interior_1.jpg */; };
		43E5747E187F1CAF00B11E81 /* interior_2.jpg in Resources */ = {isa = PBXBuildFile; fileRef = 43E5745B187F1CAF00B11E81 /* interior_2.jpg */; };
		43E5747F187F1CAF00B11E81 /* interior_3.jpg in Resources */ = {isa = PBXBuildFile; fileRef = 43E5745C187F1CAF00B11E81 /* interior_3.jpg */; };
		43E57480187F1CAF00B11E81 /* interior_4.jpg in Resources */ = {isa = PBXBuildFile; fileRef = 43E5745D187F1CAF00B11E81 /* interior_4.jpg */; };
		43E57481187F1CAF00B11E81 /* interior_5.jpg in Resources */ = {isa = PBXBuildFile; fileRef = 43E5745E187F1CAF00B11E81 /* interior_5.jpg */; };
		43E57482187F1CAF00B11E81 /* btn_switch.png in Resources */ = {isa = PBXBuildFile; fileRef = 43E57461187F1CAF00B11E81 /* btn_switch.png */; };
		43E57483187F1CAF00B11E81 /* first_bg.jpg in Resources */ = {isa = PBXBuildFile; fileRef = 43E57462187F1CAF00B11E81 /* first_bg.jpg */; };
		43E57484187F1CAF00B11E81 /* btn_switch@2x.png in Resources */ = {isa = PBXBuildFile; fileRef = 43E57464187F1CAF00B11E81 /* btn_switch@2x.png */; };
		43E57485187F1CAF00B11E81 /* first_bg@2x.jpg in Resources */ = {isa = PBXBuildFile; fileRef = 43E57465187F1CAF00B11E81 /* first_bg@2x.jpg */; };
		43E57486187F1CAF00B11E81 /* intro_bg.jpg in Resources */ = {isa = PBXBuildFile; fileRef = 43E57468187F1CAF00B11E81 /* intro_bg.jpg */; };
		43E57487187F1CAF00B11E81 /* intro_logo_best.png in Resources */ = {isa = PBXBuildFile; fileRef = 43E57469187F1CAF00B11E81 /* intro_logo_best.png */; };
		43E57488187F1CAF00B11E81 /* intro_logo_city.png in Resources */ = {isa = PBXBuildFile; fileRef = 43E5746A187F1CAF00B11E81 /* intro_logo_city.png */; };
		43E57489187F1CAF00B11E81 /* intro_bg@2x.jpg in Resources */ = {isa = PBXBuildFile; fileRef = 43E5746C187F1CAF00B11E81 /* intro_bg@2x.jpg */; };
		43E5748A187F1CAF00B11E81 /* intro_logo_best@2x.png in Resources */ = {isa = PBXBuildFile; fileRef = 43E5746D187F1CAF00B11E81 /* intro_logo_best@2x.png */; };
		43E5748B187F1CAF00B11E81 /* intro_logo_city@2x.png in Resources */ = {isa = PBXBuildFile; fileRef = 43E5746E187F1CAF00B11E81 /* intro_logo_city@2x.png */; };
		43E5748C187F1CAF00B11E81 /* menu_b.png in Resources */ = {isa = PBXBuildFile; fileRef = 43E57471187F1CAF00B11E81 /* menu_b.png */; };
		43E5748D187F1CAF00B11E81 /* menu_bg.png in Resources */ = {isa = PBXBuildFile; fileRef = 43E57472187F1CAF00B11E81 /* menu_bg.png */; };
		43E5748E187F1CAF00B11E81 /* menu_e.png in Resources */ = {isa = PBXBuildFile; fileRef = 43E57473187F1CAF00B11E81 /* menu_e.png */; };
		43E5748F187F1CAF00B11E81 /* menu_s.png in Resources */ = {isa = PBXBuildFile; fileRef = 43E57474187F1CAF00B11E81 /* menu_s.png */; };
		43E57490187F1CAF00B11E81 /* menu_t.png in Resources */ = {isa = PBXBuildFile; fileRef = 43E57475187F1CAF00B11E81 /* menu_t.png */; };
		43E57491187F1CAF00B11E81 /* menu_b@2x.png in Resources */ = {isa = PBXBuildFile; fileRef = 43E57477187F1CAF00B11E81 /* menu_b@2x.png */; };
		43E57492187F1CAF00B11E81 /* menu_bg@2x.png in Resources */ = {isa = PBXBuildFile; fileRef = 43E57478187F1CAF00B11E81 /* menu_bg@2x.png */; };
		43E57493187F1CAF00B11E81 /* menu_e@2x.png in Resources */ = {isa = PBXBuildFile; fileRef = 43E57479187F1CAF00B11E81 /* menu_e@2x.png */; };
		43E57494187F1CAF00B11E81 /* menu_s@2x.png in Resources */ = {isa = PBXBuildFile; fileRef = 43E5747A187F1CAF00B11E81 /* menu_s@2x.png */; };
		43E57495187F1CAF00B11E81 /* menu_t@2x.png in Resources */ = {isa = PBXBuildFile; fileRef = 43E5747B187F1CAF00B11E81 /* menu_t@2x.png */; };
/* End PBXBuildFile section */

/* Begin PBXContainerItemProxy section */
		43D63E0A186F4C310070530E /* PBXContainerItemProxy */ = {
			isa = PBXContainerItemProxy;
			containerPortal = 43D63DD9186F4C310070530E /* Project object */;
			proxyType = 1;
			remoteGlobalIDString = 43D63DE0186F4C310070530E;
			remoteInfo = HondaBest;
		};
/* End PBXContainerItemProxy section */

/* Begin PBXFileReference section */
		436E1E97187DEF56003BB1E6 /* ButtonMenu.h */ = {isa = PBXFileReference; fileEncoding = 4; lastKnownFileType = sourcecode.c.h; path = ButtonMenu.h; sourceTree = "<group>"; };
		436E1E98187DEF56003BB1E6 /* ButtonMenu.m */ = {isa = PBXFileReference; fileEncoding = 4; lastKnownFileType = sourcecode.c.objc; path = ButtonMenu.m; sourceTree = "<group>"; };
		436E1EDB187EEA45003BB1E6 /* DB HELVETHAICA X BD COND IT V3.2.TTF */ = {isa = PBXFileReference; lastKnownFileType = file; path = "DB HELVETHAICA X BD COND IT V3.2.TTF"; sourceTree = "<group>"; };
		43CE9C8518709D4000AAD780 /* Test_VideoTransparent.mp4 */ = {isa = PBXFileReference; lastKnownFileType = file; path = Test_VideoTransparent.mp4; sourceTree = "<group>"; };
		43CE9C8C1871934900AAD780 /* ViewExterior.h */ = {isa = PBXFileReference; fileEncoding = 4; lastKnownFileType = sourcecode.c.h; path = ViewExterior.h; sourceTree = "<group>"; };
		43CE9C8D1871934900AAD780 /* ViewExterior.m */ = {isa = PBXFileReference; fileEncoding = 4; lastKnownFileType = sourcecode.c.objc; path = ViewExterior.m; sourceTree = "<group>"; };
		43CE9C8F1871935800AAD780 /* ViewInterior.h */ = {isa = PBXFileReference; fileEncoding = 4; lastKnownFileType = sourcecode.c.h; path = ViewInterior.h; sourceTree = "<group>"; };
		43CE9C901871935800AAD780 /* ViewInterior.m */ = {isa = PBXFileReference; fileEncoding = 4; lastKnownFileType = sourcecode.c.objc; path = ViewInterior.m; sourceTree = "<group>"; };
		43CE9CA11871C4F900AAD780 /* QuartzCore.framework */ = {isa = PBXFileReference; lastKnownFileType = wrapper.framework; name = QuartzCore.framework; path = System/Library/Frameworks/QuartzCore.framework; sourceTree = SDKROOT; };
		43CE9CA41871C54F00AAD780 /* JAPanoView.h */ = {isa = PBXFileReference; fileEncoding = 4; lastKnownFileType = sourcecode.c.h; path = JAPanoView.h; sourceTree = "<group>"; };
		43CE9CA51871C54F00AAD780 /* JAPanoView.m */ = {isa = PBXFileReference; fileEncoding = 4; lastKnownFileType = sourcecode.c.objc; path = JAPanoView.m; sourceTree = "<group>"; };
		43CE9CA81871CFD600AAD780 /* ViewE.h */ = {isa = PBXFileReference; fileEncoding = 4; lastKnownFileType = sourcecode.c.h; path = ViewE.h; sourceTree = "<group>"; };
		43CE9CA91871CFD600AAD780 /* ViewE.m */ = {isa = PBXFileReference; fileEncoding = 4; lastKnownFileType = sourcecode.c.objc; path = ViewE.m; sourceTree = "<group>"; };
		43D63DE1186F4C310070530E /* HondaBest.app */ = {isa = PBXFileReference; explicitFileType = wrapper.application; includeInIndex = 0; path = HondaBest.app; sourceTree = BUILT_PRODUCTS_DIR; };
		43D63DE4186F4C310070530E /* Foundation.framework */ = {isa = PBXFileReference; lastKnownFileType = wrapper.framework; name = Foundation.framework; path = System/Library/Frameworks/Foundation.framework; sourceTree = SDKROOT; };
		43D63DE6186F4C310070530E /* CoreGraphics.framework */ = {isa = PBXFileReference; lastKnownFileType = wrapper.framework; name = CoreGraphics.framework; path = System/Library/Frameworks/CoreGraphics.framework; sourceTree = SDKROOT; };
		43D63DE8186F4C310070530E /* UIKit.framework */ = {isa = PBXFileReference; lastKnownFileType = wrapper.framework; name = UIKit.framework; path = System/Library/Frameworks/UIKit.framework; sourceTree = SDKROOT; };
		43D63DEC186F4C310070530E /* HondaBest-Info.plist */ = {isa = PBXFileReference; lastKnownFileType = text.plist.xml; path = "HondaBest-Info.plist"; sourceTree = "<group>"; };
		43D63DEE186F4C310070530E /* en */ = {isa = PBXFileReference; lastKnownFileType = text.plist.strings; name = en; path = en.lproj/InfoPlist.strings; sourceTree = "<group>"; };
		43D63DF0186F4C310070530E /* main.m */ = {isa = PBXFileReference; lastKnownFileType = sourcecode.c.objc; path = main.m; sourceTree = "<group>"; };
		43D63DF2186F4C310070530E /* HondaBest-Prefix.pch */ = {isa = PBXFileReference; lastKnownFileType = sourcecode.c.h; path = "HondaBest-Prefix.pch"; sourceTree = "<group>"; };
		43D63DF3186F4C310070530E /* HBAppDelegate.h */ = {isa = PBXFileReference; lastKnownFileType = sourcecode.c.h; path = HBAppDelegate.h; sourceTree = "<group>"; };
		43D63DF4186F4C310070530E /* HBAppDelegate.m */ = {isa = PBXFileReference; lastKnownFileType = sourcecode.c.objc; path = HBAppDelegate.m; sourceTree = "<group>"; };
		43D63DF7186F4C310070530E /* Base */ = {isa = PBXFileReference; lastKnownFileType = file.storyboard; name = Base; path = Base.lproj/Main_iPhone.storyboard; sourceTree = "<group>"; };
		43D63DFA186F4C310070530E /* Base */ = {isa = PBXFileReference; lastKnownFileType = file.storyboard; name = Base; path = Base.lproj/Main_iPad.storyboard; sourceTree = "<group>"; };
		43D63DFC186F4C310070530E /* HBViewController.h */ = {isa = PBXFileReference; lastKnownFileType = sourcecode.c.h; path = HBViewController.h; sourceTree = "<group>"; };
		43D63DFD186F4C310070530E /* HBViewController.m */ = {isa = PBXFileReference; lastKnownFileType = sourcecode.c.objc; path = HBViewController.m; sourceTree = "<group>"; };
		43D63DFF186F4C310070530E /* Images.xcassets */ = {isa = PBXFileReference; lastKnownFileType = folder.assetcatalog; path = Images.xcassets; sourceTree = "<group>"; };
		43D63E05186F4C310070530E /* HondaBestTests.xctest */ = {isa = PBXFileReference; explicitFileType = wrapper.cfbundle; includeInIndex = 0; path = HondaBestTests.xctest; sourceTree = BUILT_PRODUCTS_DIR; };
		43D63E06186F4C310070530E /* XCTest.framework */ = {isa = PBXFileReference; lastKnownFileType = wrapper.framework; name = XCTest.framework; path = Library/Frameworks/XCTest.framework; sourceTree = DEVELOPER_DIR; };
		43D63E0E186F4C310070530E /* HondaBestTests-Info.plist */ = {isa = PBXFileReference; lastKnownFileType = text.plist.xml; path = "HondaBestTests-Info.plist"; sourceTree = "<group>"; };
		43D63E10186F4C310070530E /* en */ = {isa = PBXFileReference; lastKnownFileType = text.plist.strings; name = en; path = en.lproj/InfoPlist.strings; sourceTree = "<group>"; };
		43D63E12186F4C310070530E /* HondaBestTests.m */ = {isa = PBXFileReference; lastKnownFileType = sourcecode.c.objc; path = HondaBestTests.m; sourceTree = "<group>"; };
		43D63E1D186F50200070530E /* ViewTVC.h */ = {isa = PBXFileReference; fileEncoding = 4; lastKnownFileType = sourcecode.c.h; path = ViewTVC.h; sourceTree = "<group>"; };
		43D63E1E186F50200070530E /* ViewTVC.m */ = {isa = PBXFileReference; fileEncoding = 4; lastKnownFileType = sourcecode.c.objc; path = ViewTVC.m; sourceTree = "<group>"; };
		43D63E21186F53C90070530E /* ViewLanding.h */ = {isa = PBXFileReference; fileEncoding = 4; lastKnownFileType = sourcecode.c.h; path = ViewLanding.h; sourceTree = "<group>"; };
		43D63E22186F53C90070530E /* ViewLanding.m */ = {isa = PBXFileReference; fileEncoding = 4; lastKnownFileType = sourcecode.c.objc; path = ViewLanding.m; sourceTree = "<group>"; };
		43D63E25186F58CD0070530E /* ViewTab.h */ = {isa = PBXFileReference; fileEncoding = 4; lastKnownFileType = sourcecode.c.h; path = ViewTab.h; sourceTree = "<group>"; };
		43D63E26186F58CD0070530E /* ViewTab.m */ = {isa = PBXFileReference; fileEncoding = 4; lastKnownFileType = sourcecode.c.objc; path = ViewTab.m; sourceTree = "<group>"; };
		43D63E29186F5E670070530E /* ViewMenu.h */ = {isa = PBXFileReference; fileEncoding = 4; lastKnownFileType = sourcecode.c.h; path = ViewMenu.h; sourceTree = "<group>"; };
		43D63E2A186F5E670070530E /* ViewMenu.m */ = {isa = PBXFileReference; fileEncoding = 4; lastKnownFileType = sourcecode.c.objc; path = ViewMenu.m; sourceTree = "<group>"; };
		43D63E2B186F5E670070530E /* ViewMenu.xib */ = {isa = PBXFileReference; fileEncoding = 4; lastKnownFileType = file.xib; path = ViewMenu.xib; sourceTree = "<group>"; };
		43D63E30186F71F30070530E /* ViewUtil.h */ = {isa = PBXFileReference; fileEncoding = 4; lastKnownFileType = sourcecode.c.h; path = ViewUtil.h; sourceTree = "<group>"; };
		43D63E31186F71F30070530E /* ViewUtil.m */ = {isa = PBXFileReference; fileEncoding = 4; lastKnownFileType = sourcecode.c.objc; path = ViewUtil.m; sourceTree = "<group>"; };
		43D63E34186F7E780070530E /* ViewB.h */ = {isa = PBXFileReference; fileEncoding = 4; lastKnownFileType = sourcecode.c.h; path = ViewB.h; sourceTree = "<group>"; };
		43D63E35186F7E780070530E /* ViewB.m */ = {isa = PBXFileReference; fileEncoding = 4; lastKnownFileType = sourcecode.c.objc; path = ViewB.m; sourceTree = "<group>"; };
		43E57413187F18BC00B11E81 /* ViewIntro.h */ = {isa = PBXFileReference; fileEncoding = 4; lastKnownFileType = sourcecode.c.h; path = ViewIntro.h; sourceTree = "<group>"; };
		43E57414187F18BC00B11E81 /* ViewIntro.m */ = {isa = PBXFileReference; fileEncoding = 4; lastKnownFileType = sourcecode.c.objc; path = ViewIntro.m; sourceTree = "<group>"; };
		43E57459187F1CAF00B11E81 /* interior_0.jpg */ = {isa = PBXFileReference; lastKnownFileType = image.jpeg; path = interior_0.jpg; sourceTree = "<group>"; };
		43E5745A187F1CAF00B11E81 /* interior_1.jpg */ = {isa = PBXFileReference; lastKnownFileType = image.jpeg; path = interior_1.jpg; sourceTree = "<group>"; };
		43E5745B187F1CAF00B11E81 /* interior_2.jpg */ = {isa = PBXFileReference; lastKnownFileType = image.jpeg; path = interior_2.jpg; sourceTree = "<group>"; };
		43E5745C187F1CAF00B11E81 /* interior_3.jpg */ = {isa = PBXFileReference; lastKnownFileType = image.jpeg; path = interior_3.jpg; sourceTree = "<group>"; };
		43E5745D187F1CAF00B11E81 /* interior_4.jpg */ = {isa = PBXFileReference; lastKnownFileType = image.jpeg; path = interior_4.jpg; sourceTree = "<group>"; };
		43E5745E187F1CAF00B11E81 /* interior_5.jpg */ = {isa = PBXFileReference; lastKnownFileType = image.jpeg; path = interior_5.jpg; sourceTree = "<group>"; };
		43E57461187F1CAF00B11E81 /* btn_switch.png */ = {isa = PBXFileReference; lastKnownFileType = image.png; path = btn_switch.png; sourceTree = "<group>"; };
		43E57462187F1CAF00B11E81 /* first_bg.jpg */ = {isa = PBXFileReference; lastKnownFileType = image.jpeg; path = first_bg.jpg; sourceTree = "<group>"; };
		43E57464187F1CAF00B11E81 /* btn_switch@2x.png */ = {isa = PBXFileReference; lastKnownFileType = image.png; path = "btn_switch@2x.png"; sourceTree = "<group>"; };
		43E57465187F1CAF00B11E81 /* first_bg@2x.jpg */ = {isa = PBXFileReference; lastKnownFileType = image.jpeg; path = "first_bg@2x.jpg"; sourceTree = "<group>"; };
		43E57468187F1CAF00B11E81 /* intro_bg.jpg */ = {isa = PBXFileReference; lastKnownFileType = image.jpeg; path = intro_bg.jpg; sourceTree = "<group>"; };
		43E57469187F1CAF00B11E81 /* intro_logo_best.png */ = {isa = PBXFileReference; lastKnownFileType = image.png; path = intro_logo_best.png; sourceTree = "<group>"; };
		43E5746A187F1CAF00B11E81 /* intro_logo_city.png */ = {isa = PBXFileReference; lastKnownFileType = image.png; path = intro_logo_city.png; sourceTree = "<group>"; };
		43E5746C187F1CAF00B11E81 /* intro_bg@2x.jpg */ = {isa = PBXFileReference; lastKnownFileType = image.jpeg; path = "intro_bg@2x.jpg"; sourceTree = "<group>"; };
		43E5746D187F1CAF00B11E81 /* intro_logo_best@2x.png */ = {isa = PBXFileReference; lastKnownFileType = image.png; path = "intro_logo_best@2x.png"; sourceTree = "<group>"; };
		43E5746E187F1CAF00B11E81 /* intro_logo_city@2x.png */ = {isa = PBXFileReference; lastKnownFileType = image.png; path = "intro_logo_city@2x.png"; sourceTree = "<group>"; };
		43E57471187F1CAF00B11E81 /* menu_b.png */ = {isa = PBXFileReference; lastKnownFileType = image.png; path = menu_b.png; sourceTree = "<group>"; };
		43E57472187F1CAF00B11E81 /* menu_bg.png */ = {isa = PBXFileReference; lastKnownFileType = image.png; path = menu_bg.png; sourceTree = "<group>"; };
		43E57473187F1CAF00B11E81 /* menu_e.png */ = {isa = PBXFileReference; lastKnownFileType = image.png; path = menu_e.png; sourceTree = "<group>"; };
		43E57474187F1CAF00B11E81 /* menu_s.png */ = {isa = PBXFileReference; lastKnownFileType = image.png; path = menu_s.png; sourceTree = "<group>"; };
		43E57475187F1CAF00B11E81 /* menu_t.png */ = {isa = PBXFileReference; lastKnownFileType = image.png; path = menu_t.png; sourceTree = "<group>"; };
		43E57477187F1CAF00B11E81 /* menu_b@2x.png */ = {isa = PBXFileReference; lastKnownFileType = image.png; path = "menu_b@2x.png"; sourceTree = "<group>"; };
		43E57478187F1CAF00B11E81 /* menu_bg@2x.png */ = {isa = PBXFileReference; lastKnownFileType = image.png; path = "menu_bg@2x.png"; sourceTree = "<group>"; };
		43E57479187F1CAF00B11E81 /* menu_e@2x.png */ = {isa = PBXFileReference; lastKnownFileType = image.png; path = "menu_e@2x.png"; sourceTree = "<group>"; };
		43E5747A187F1CAF00B11E81 /* menu_s@2x.png */ = {isa = PBXFileReference; lastKnownFileType = image.png; path = "menu_s@2x.png"; sourceTree = "<group>"; };
		43E5747B187F1CAF00B11E81 /* menu_t@2x.png */ = {isa = PBXFileReference; lastKnownFileType = image.png; path = "menu_t@2x.png"; sourceTree = "<group>"; };
/* End PBXFileReference section */

/* Begin PBXFrameworksBuildPhase section */
		43D63DDE186F4C310070530E /* Frameworks */ = {
			isa = PBXFrameworksBuildPhase;
			buildActionMask = 2147483647;
			files = (
				43CE9CA21871C4F900AAD780 /* QuartzCore.framework in Frameworks */,
				43D63DE7186F4C310070530E /* CoreGraphics.framework in Frameworks */,
				43D63DE9186F4C310070530E /* UIKit.framework in Frameworks */,
				43D63DE5186F4C310070530E /* Foundation.framework in Frameworks */,
			);
			runOnlyForDeploymentPostprocessing = 0;
		};
		43D63E02186F4C310070530E /* Frameworks */ = {
			isa = PBXFrameworksBuildPhase;
			buildActionMask = 2147483647;
			files = (
				43D63E07186F4C310070530E /* XCTest.framework in Frameworks */,
				43D63E09186F4C310070530E /* UIKit.framework in Frameworks */,
				43D63E08186F4C310070530E /* Foundation.framework in Frameworks */,
			);
			runOnlyForDeploymentPostprocessing = 0;
		};
/* End PBXFrameworksBuildPhase section */

/* Begin PBXGroup section */
		436E1E96187DEF46003BB1E6 /* ButtonMenu */ = {
			isa = PBXGroup;
			children = (
				436E1E97187DEF56003BB1E6 /* ButtonMenu.h */,
				436E1E98187DEF56003BB1E6 /* ButtonMenu.m */,
			);
			path = ButtonMenu;
			sourceTree = "<group>";
		};
		436E1EDA187EEA45003BB1E6 /* Fonts */ = {
			isa = PBXGroup;
			children = (
				436E1EDB187EEA45003BB1E6 /* DB HELVETHAICA X BD COND IT V3.2.TTF */,
			);
			path = Fonts;
			sourceTree = "<group>";
		};
		43CE9C8218709D4000AAD780 /* Videos */ = {
			isa = PBXGroup;
			children = (
				43CE9C8518709D4000AAD780 /* Test_VideoTransparent.mp4 */,
			);
			path = Videos;
			sourceTree = "<group>";
		};
		43CE9C8A1871933700AAD780 /* ViewExterior */ = {
			isa = PBXGroup;
			children = (
				43CE9C8C1871934900AAD780 /* ViewExterior.h */,
				43CE9C8D1871934900AAD780 /* ViewExterior.m */,
			);
			path = ViewExterior;
			sourceTree = "<group>";
		};
		43CE9C8B1871933700AAD780 /* ViewInterior */ = {
			isa = PBXGroup;
			children = (
				43CE9C8F1871935800AAD780 /* ViewInterior.h */,
				43CE9C901871935800AAD780 /* ViewInterior.m */,
			);
			path = ViewInterior;
			sourceTree = "<group>";
		};
		43CE9CA31871C54F00AAD780 /* JAPanoView */ = {
			isa = PBXGroup;
			children = (
				43CE9CA41871C54F00AAD780 /* JAPanoView.h */,
				43CE9CA51871C54F00AAD780 /* JAPanoView.m */,
			);
			path = JAPanoView;
			sourceTree = "<group>";
		};
		43CE9CA71871CF8500AAD780 /* ViewE */ = {
			isa = PBXGroup;
			children = (
				43CE9CA81871CFD600AAD780 /* ViewE.h */,
				43CE9CA91871CFD600AAD780 /* ViewE.m */,
			);
			path = ViewE;
			sourceTree = "<group>";
		};
		43D63DD8186F4C310070530E = {
			isa = PBXGroup;
			children = (
				43D63DEA186F4C310070530E /* HondaBest */,
				43D63E0C186F4C310070530E /* HondaBestTests */,
				43D63DE3186F4C310070530E /* Frameworks */,
				43D63DE2186F4C310070530E /* Products */,
			);
			sourceTree = "<group>";
		};
		43D63DE2186F4C310070530E /* Products */ = {
			isa = PBXGroup;
			children = (
				43D63DE1186F4C310070530E /* HondaBest.app */,
				43D63E05186F4C310070530E /* HondaBestTests.xctest */,
			);
			name = Products;
			sourceTree = "<group>";
		};
		43D63DE3186F4C310070530E /* Frameworks */ = {
			isa = PBXGroup;
			children = (
				43CE9CA11871C4F900AAD780 /* QuartzCore.framework */,
				43D63DE4186F4C310070530E /* Foundation.framework */,
				43D63DE6186F4C310070530E /* CoreGraphics.framework */,
				43D63DE8186F4C310070530E /* UIKit.framework */,
				43D63E06186F4C310070530E /* XCTest.framework */,
			);
			name = Frameworks;
			sourceTree = "<group>";
		};
		43D63DEA186F4C310070530E /* HondaBest */ = {
			isa = PBXGroup;
			children = (
				436E1EDA187EEA45003BB1E6 /* Fonts */,
				43E57456187F1CAF00B11E81 /* Images */,
				43CE9C8218709D4000AAD780 /* Videos */,
				43D63E2E186F71F30070530E /* Libs */,
				43D63DF9186F4C310070530E /* Main_iPad.storyboard */,
				43D63DF6186F4C310070530E /* Main_iPhone.storyboard */,
				43D63DF3186F4C310070530E /* HBAppDelegate.h */,
				43D63DF4186F4C310070530E /* HBAppDelegate.m */,
				43D63DFC186F4C310070530E /* HBViewController.h */,
				43D63DFD186F4C310070530E /* HBViewController.m */,
				43D63E24186F58A00070530E /* ViewTab */,
				43E57412187F18A800B11E81 /* ViewIntro */,
				43D63E1C186F4FFE0070530E /* ViewTVC */,
				43D63E20186F53B20070530E /* ViewLanding */,
				43D63E33186F7E6A0070530E /* ViewB */,
				43CE9CA71871CF8500AAD780 /* ViewE */,
				43D63DFF186F4C310070530E /* Images.xcassets */,
				43D63DEB186F4C310070530E /* Supporting Files */,
			);
			path = HondaBest;
			sourceTree = "<group>";
		};
		43D63DEB186F4C310070530E /* Supporting Files */ = {
			isa = PBXGroup;
			children = (
				43D63DEC186F4C310070530E /* HondaBest-Info.plist */,
				43D63DED186F4C310070530E /* InfoPlist.strings */,
				43D63DF0186F4C310070530E /* main.m */,
				43D63DF2186F4C310070530E /* HondaBest-Prefix.pch */,
			);
			name = "Supporting Files";
			sourceTree = "<group>";
		};
		43D63E0C186F4C310070530E /* HondaBestTests */ = {
			isa = PBXGroup;
			children = (
				43D63E12186F4C310070530E /* HondaBestTests.m */,
				43D63E0D186F4C310070530E /* Supporting Files */,
			);
			path = HondaBestTests;
			sourceTree = "<group>";
		};
		43D63E0D186F4C310070530E /* Supporting Files */ = {
			isa = PBXGroup;
			children = (
				43D63E0E186F4C310070530E /* HondaBestTests-Info.plist */,
				43D63E0F186F4C310070530E /* InfoPlist.strings */,
			);
			name = "Supporting Files";
			sourceTree = "<group>";
		};
		43D63E1C186F4FFE0070530E /* ViewTVC */ = {
			isa = PBXGroup;
			children = (
				43D63E1D186F50200070530E /* ViewTVC.h */,
				43D63E1E186F50200070530E /* ViewTVC.m */,
			);
			path = ViewTVC;
			sourceTree = "<group>";
		};
		43D63E20186F53B20070530E /* ViewLanding */ = {
			isa = PBXGroup;
			children = (
				43D63E21186F53C90070530E /* ViewLanding.h */,
				43D63E22186F53C90070530E /* ViewLanding.m */,
			);
			path = ViewLanding;
			sourceTree = "<group>";
		};
		43D63E24186F58A00070530E /* ViewTab */ = {
			isa = PBXGroup;
			children = (
				436E1E96187DEF46003BB1E6 /* ButtonMenu */,
				43D63E28186F5E440070530E /* ViewMenu */,
				43D63E25186F58CD0070530E /* ViewTab.h */,
				43D63E26186F58CD0070530E /* ViewTab.m */,
			);
			path = ViewTab;
			sourceTree = "<group>";
		};
		43D63E28186F5E440070530E /* ViewMenu */ = {
			isa = PBXGroup;
			children = (
				43D63E29186F5E670070530E /* ViewMenu.h */,
				43D63E2A186F5E670070530E /* ViewMenu.m */,
				43D63E2B186F5E670070530E /* ViewMenu.xib */,
			);
			path = ViewMenu;
			sourceTree = "<group>";
		};
		43D63E2E186F71F30070530E /* Libs */ = {
			isa = PBXGroup;
			children = (
				43CE9CA31871C54F00AAD780 /* JAPanoView */,
				43D63E2F186F71F30070530E /* ViewUtil */,
			);
			path = Libs;
			sourceTree = "<group>";
		};
		43D63E2F186F71F30070530E /* ViewUtil */ = {
			isa = PBXGroup;
			children = (
				43D63E30186F71F30070530E /* ViewUtil.h */,
				43D63E31186F71F30070530E /* ViewUtil.m */,
			);
			path = ViewUtil;
			sourceTree = "<group>";
		};
		43D63E33186F7E6A0070530E /* ViewB */ = {
			isa = PBXGroup;
			children = (
				43D63E34186F7E780070530E /* ViewB.h */,
				43D63E35186F7E780070530E /* ViewB.m */,
				43CE9C8A1871933700AAD780 /* ViewExterior */,
				43CE9C8B1871933700AAD780 /* ViewInterior */,
			);
			path = ViewB;
			sourceTree = "<group>";
		};
		43E57412187F18A800B11E81 /* ViewIntro */ = {
			isa = PBXGroup;
			children = (
				43E57413187F18BC00B11E81 /* ViewIntro.h */,
				43E57414187F18BC00B11E81 /* ViewIntro.m */,
			);
			path = ViewIntro;
			sourceTree = "<group>";
		};
		43E57456187F1CAF00B11E81 /* Images */ = {
			isa = PBXGroup;
			children = (
				43E57457187F1CAF00B11E81 /* B_Interior */,
				43E5745F187F1CAF00B11E81 /* First */,
				43E57466187F1CAF00B11E81 /* Intro */,
				43E5746F187F1CAF00B11E81 /* Menu */,
			);
			path = Images;
			sourceTree = "<group>";
		};
		43E57457187F1CAF00B11E81 /* B_Interior */ = {
			isa = PBXGroup;
			children = (
				43E57458187F1CAF00B11E81 /* cube */,
			);
			path = B_Interior;
			sourceTree = "<group>";
		};
		43E57458187F1CAF00B11E81 /* cube */ = {
			isa = PBXGroup;
			children = (
				43E57459187F1CAF00B11E81 /* interior_0.jpg */,
				43E5745A187F1CAF00B11E81 /* interior_1.jpg */,
				43E5745B187F1CAF00B11E81 /* interior_2.jpg */,
				43E5745C187F1CAF00B11E81 /* interior_3.jpg */,
				43E5745D187F1CAF00B11E81 /* interior_4.jpg */,
				43E5745E187F1CAF00B11E81 /* interior_5.jpg */,
			);
			path = cube;
			sourceTree = "<group>";
		};
		43E5745F187F1CAF00B11E81 /* First */ = {
			isa = PBXGroup;
			children = (
				43E57460187F1CAF00B11E81 /* 1x */,
				43E57463187F1CAF00B11E81 /* 2x */,
			);
			path = First;
			sourceTree = "<group>";
		};
		43E57460187F1CAF00B11E81 /* 1x */ = {
			isa = PBXGroup;
			children = (
				43E57461187F1CAF00B11E81 /* btn_switch.png */,
				43E57462187F1CAF00B11E81 /* first_bg.jpg */,
			);
			path = 1x;
			sourceTree = "<group>";
		};
		43E57463187F1CAF00B11E81 /* 2x */ = {
			isa = PBXGroup;
			children = (
				43E57464187F1CAF00B11E81 /* btn_switch@2x.png */,
				43E57465187F1CAF00B11E81 /* first_bg@2x.jpg */,
			);
			path = 2x;
			sourceTree = "<group>";
		};
		43E57466187F1CAF00B11E81 /* Intro */ = {
			isa = PBXGroup;
			children = (
				43E57467187F1CAF00B11E81 /* 1x */,
				43E5746B187F1CAF00B11E81 /* 2x */,
			);
			path = Intro;
			sourceTree = "<group>";
		};
		43E57467187F1CAF00B11E81 /* 1x */ = {
			isa = PBXGroup;
			children = (
				43E57468187F1CAF00B11E81 /* intro_bg.jpg */,
				43E57469187F1CAF00B11E81 /* intro_logo_best.png */,
				43E5746A187F1CAF00B11E81 /* intro_logo_city.png */,
			);
			path = 1x;
			sourceTree = "<group>";
		};
		43E5746B187F1CAF00B11E81 /* 2x */ = {
			isa = PBXGroup;
			children = (
				43E5746C187F1CAF00B11E81 /* intro_bg@2x.jpg */,
				43E5746D187F1CAF00B11E81 /* intro_logo_best@2x.png */,
				43E5746E187F1CAF00B11E81 /* intro_logo_city@2x.png */,
			);
			path = 2x;
			sourceTree = "<group>";
		};
		43E5746F187F1CAF00B11E81 /* Menu */ = {
			isa = PBXGroup;
			children = (
				43E57470187F1CAF00B11E81 /* 1x */,
				43E57476187F1CAF00B11E81 /* 2x */,
			);
			path = Menu;
			sourceTree = "<group>";
		};
		43E57470187F1CAF00B11E81 /* 1x */ = {
			isa = PBXGroup;
			children = (
				43E57471187F1CAF00B11E81 /* menu_b.png */,
				43E57472187F1CAF00B11E81 /* menu_bg.png */,
				43E57473187F1CAF00B11E81 /* menu_e.png */,
				43E57474187F1CAF00B11E81 /* menu_s.png */,
				43E57475187F1CAF00B11E81 /* menu_t.png */,
			);
			path = 1x;
			sourceTree = "<group>";
		};
		43E57476187F1CAF00B11E81 /* 2x */ = {
			isa = PBXGroup;
			children = (
				43E57477187F1CAF00B11E81 /* menu_b@2x.png */,
				43E57478187F1CAF00B11E81 /* menu_bg@2x.png */,
				43E57479187F1CAF00B11E81 /* menu_e@2x.png */,
				43E5747A187F1CAF00B11E81 /* menu_s@2x.png */,
				43E5747B187F1CAF00B11E81 /* menu_t@2x.png */,
			);
			path = 2x;
			sourceTree = "<group>";
		};
/* End PBXGroup section */

/* Begin PBXNativeTarget section */
		43D63DE0186F4C310070530E /* HondaBest */ = {
			isa = PBXNativeTarget;
			buildConfigurationList = 43D63E16186F4C310070530E /* Build configuration list for PBXNativeTarget "HondaBest" */;
			buildPhases = (
				43D63DDD186F4C310070530E /* Sources */,
				43D63DDE186F4C310070530E /* Frameworks */,
				43D63DDF186F4C310070530E /* Resources */,
			);
			buildRules = (
			);
			dependencies = (
			);
			name = HondaBest;
			productName = HondaBest;
			productReference = 43D63DE1186F4C310070530E /* HondaBest.app */;
			productType = "com.apple.product-type.application";
		};
		43D63E04186F4C310070530E /* HondaBestTests */ = {
			isa = PBXNativeTarget;
			buildConfigurationList = 43D63E19186F4C310070530E /* Build configuration list for PBXNativeTarget "HondaBestTests" */;
			buildPhases = (
				43D63E01186F4C310070530E /* Sources */,
				43D63E02186F4C310070530E /* Frameworks */,
				43D63E03186F4C310070530E /* Resources */,
			);
			buildRules = (
			);
			dependencies = (
				43D63E0B186F4C310070530E /* PBXTargetDependency */,
			);
			name = HondaBestTests;
			productName = HondaBestTests;
			productReference = 43D63E05186F4C310070530E /* HondaBestTests.xctest */;
			productType = "com.apple.product-type.bundle.unit-test";
		};
/* End PBXNativeTarget section */

/* Begin PBXProject section */
		43D63DD9186F4C310070530E /* Project object */ = {
			isa = PBXProject;
			attributes = {
				CLASSPREFIX = HB;
				LastUpgradeCheck = 0500;
				ORGANIZATIONNAME = Honda;
				TargetAttributes = {
					43D63E04186F4C310070530E = {
						TestTargetID = 43D63DE0186F4C310070530E;
					};
				};
			};
			buildConfigurationList = 43D63DDC186F4C310070530E /* Build configuration list for PBXProject "HondaBest" */;
			compatibilityVersion = "Xcode 3.2";
			developmentRegion = English;
			hasScannedForEncodings = 0;
			knownRegions = (
				en,
				Base,
			);
			mainGroup = 43D63DD8186F4C310070530E;
			productRefGroup = 43D63DE2186F4C310070530E /* Products */;
			projectDirPath = "";
			projectRoot = "";
			targets = (
				43D63DE0186F4C310070530E /* HondaBest */,
				43D63E04186F4C310070530E /* HondaBestTests */,
			);
		};
/* End PBXProject section */

/* Begin PBXResourcesBuildPhase section */
		43D63DDF186F4C310070530E /* Resources */ = {
			isa = PBXResourcesBuildPhase;
			buildActionMask = 2147483647;
			files = (
				43E5747C187F1CAF00B11E81 /* interior_0.jpg in Resources */,
				43E5748B187F1CAF00B11E81 /* intro_logo_city@2x.png in Resources */,
				43CE9C8818709D4000AAD780 /* Test_VideoTransparent.mp4 in Resources */,
				43E5748C187F1CAF00B11E81 /* menu_b.png in Resources */,
				43E57488187F1CAF00B11E81 /* intro_logo_city.png in Resources */,
				43E57482187F1CAF00B11E81 /* btn_switch.png in Resources */,
				43E5748A187F1CAF00B11E81 /* intro_logo_best@2x.png in Resources */,
				43E57489187F1CAF00B11E81 /* intro_bg@2x.jpg in Resources */,
				43E57484187F1CAF00B11E81 /* btn_switch@2x.png in Resources */,
				43D63DFB186F4C310070530E /* Main_iPad.storyboard in Resources */,
				43D63E2D186F5E670070530E /* ViewMenu.xib in Resources */,
				43E57481187F1CAF00B11E81 /* interior_5.jpg in Resources */,
				43E57485187F1CAF00B11E81 /* first_bg@2x.jpg in Resources */,
				43E57480187F1CAF00B11E81 /* interior_4.jpg in Resources */,
				43D63E00186F4C310070530E /* Images.xcassets in Resources */,
				43E57483187F1CAF00B11E81 /* first_bg.jpg in Resources */,
				43E57486187F1CAF00B11E81 /* intro_bg.jpg in Resources */,
				43E57494187F1CAF00B11E81 /* menu_s@2x.png in Resources */,
				43E57490187F1CAF00B11E81 /* menu_t.png in Resources */,
				43D63DF8186F4C310070530E /* Main_iPhone.storyboard in Resources */,
				43E57493187F1CAF00B11E81 /* menu_e@2x.png in Resources */,
				43E5747E187F1CAF00B11E81 /* interior_2.jpg in Resources */,
				43E57492187F1CAF00B11E81 /* menu_bg@2x.png in Resources */,
				43D63DEF186F4C310070530E /* InfoPlist.strings in Resources */,
				43E5748E187F1CAF00B11E81 /* menu_e.png in Resources */,
				43E5747D187F1CAF00B11E81 /* interior_1.jpg in Resources */,
				43E5748F187F1CAF00B11E81 /* menu_s.png in Resources */,
				43E5747F187F1CAF00B11E81 /* interior_3.jpg in Resources */,
				436E1EDC187EEA45003BB1E6 /* DB HELVETHAICA X BD COND IT V3.2.TTF in Resources */,
				43E57495187F1CAF00B11E81 /* menu_t@2x.png in Resources */,
				43E5748D187F1CAF00B11E81 /* menu_bg.png in Resources */,
				43E57487187F1CAF00B11E81 /* intro_logo_best.png in Resources */,
				43E57491187F1CAF00B11E81 /* menu_b@2x.png in Resources */,
			);
			runOnlyForDeploymentPostprocessing = 0;
		};
		43D63E03186F4C310070530E /* Resources */ = {
			isa = PBXResourcesBuildPhase;
			buildActionMask = 2147483647;
			files = (
				43D63E11186F4C310070530E /* InfoPlist.strings in Resources */,
			);
			runOnlyForDeploymentPostprocessing = 0;
		};
/* End PBXResourcesBuildPhase section */

/* Begin PBXSourcesBuildPhase section */
		43D63DDD186F4C310070530E /* Sources */ = {
			isa = PBXSourcesBuildPhase;
			buildActionMask = 2147483647;
			files = (
				43CE9C8E1871934900AAD780 /* ViewExterior.m in Sources */,
				43D63E2C186F5E670070530E /* ViewMenu.m in Sources */,
				43CE9CAA1871CFD600AAD780 /* ViewE.m in Sources */,
				43E57415187F18BC00B11E81 /* ViewIntro.m in Sources */,
				43D63E1F186F50200070530E /* ViewTVC.m in Sources */,
				43CE9CA61871C54F00AAD780 /* JAPanoView.m in Sources */,
				43D63E23186F53C90070530E /* ViewLanding.m in Sources */,
				43CE9C911871935800AAD780 /* ViewInterior.m in Sources */,
				43D63E27186F58CD0070530E /* ViewTab.m in Sources */,
				43D63DFE186F4C310070530E /* HBViewController.m in Sources */,
				43D63DF5186F4C310070530E /* HBAppDelegate.m in Sources */,
				43D63E36186F7E780070530E /* ViewB.m in Sources */,
				43D63E32186F71F30070530E /* ViewUtil.m in Sources */,
				436E1E99187DEF56003BB1E6 /* ButtonMenu.m in Sources */,
				43D63DF1186F4C310070530E /* main.m in Sources */,
			);
			runOnlyForDeploymentPostprocessing = 0;
		};
		43D63E01186F4C310070530E /* Sources */ = {
			isa = PBXSourcesBuildPhase;
			buildActionMask = 2147483647;
			files = (
				43D63E13186F4C310070530E /* HondaBestTests.m in Sources */,
			);
			runOnlyForDeploymentPostprocessing = 0;
		};
/* End PBXSourcesBuildPhase section */

/* Begin PBXTargetDependency section */
		43D63E0B186F4C310070530E /* PBXTargetDependency */ = {
			isa = PBXTargetDependency;
			target = 43D63DE0186F4C310070530E /* HondaBest */;
			targetProxy = 43D63E0A186F4C310070530E /* PBXContainerItemProxy */;
		};
/* End PBXTargetDependency section */

/* Begin PBXVariantGroup section */
		43D63DED186F4C310070530E /* InfoPlist.strings */ = {
			isa = PBXVariantGroup;
			children = (
				43D63DEE186F4C310070530E /* en */,
			);
			name = InfoPlist.strings;
			sourceTree = "<group>";
		};
		43D63DF6186F4C310070530E /* Main_iPhone.storyboard */ = {
			isa = PBXVariantGroup;
			children = (
				43D63DF7186F4C310070530E /* Base */,
			);
			name = Main_iPhone.storyboard;
			sourceTree = "<group>";
		};
		43D63DF9186F4C310070530E /* Main_iPad.storyboard */ = {
			isa = PBXVariantGroup;
			children = (
				43D63DFA186F4C310070530E /* Base */,
			);
			name = Main_iPad.storyboard;
			sourceTree = "<group>";
		};
		43D63E0F186F4C310070530E /* InfoPlist.strings */ = {
			isa = PBXVariantGroup;
			children = (
				43D63E10186F4C310070530E /* en */,
			);
			name = InfoPlist.strings;
			sourceTree = "<group>";
		};
/* End PBXVariantGroup section */

/* Begin XCBuildConfiguration section */
		43D63E14186F4C310070530E /* Debug */ = {
			isa = XCBuildConfiguration;
			buildSettings = {
				ALWAYS_SEARCH_USER_PATHS = NO;
				ARCHS = "$(ARCHS_STANDARD_INCLUDING_64_BIT)";
				CLANG_CXX_LANGUAGE_STANDARD = "gnu++0x";
				CLANG_CXX_LIBRARY = "libc++";
				CLANG_ENABLE_MODULES = YES;
				CLANG_ENABLE_OBJC_ARC = YES;
				CLANG_WARN_BOOL_CONVERSION = YES;
				CLANG_WARN_CONSTANT_CONVERSION = YES;
				CLANG_WARN_DIRECT_OBJC_ISA_USAGE = YES_ERROR;
				CLANG_WARN_EMPTY_BODY = YES;
				CLANG_WARN_ENUM_CONVERSION = YES;
				CLANG_WARN_INT_CONVERSION = YES;
				CLANG_WARN_OBJC_ROOT_CLASS = YES_ERROR;
				CLANG_WARN__DUPLICATE_METHOD_MATCH = YES;
				"CODE_SIGN_IDENTITY[sdk=iphoneos*]" = "iPhone Developer";
				COPY_PHASE_STRIP = NO;
				GCC_C_LANGUAGE_STANDARD = gnu99;
				GCC_DYNAMIC_NO_PIC = NO;
				GCC_OPTIMIZATION_LEVEL = 0;
				GCC_PREPROCESSOR_DEFINITIONS = (
					"DEBUG=1",
					"$(inherited)",
				);
				GCC_SYMBOLS_PRIVATE_EXTERN = NO;
				GCC_WARN_64_TO_32_BIT_CONVERSION = YES;
				GCC_WARN_ABOUT_RETURN_TYPE = YES_ERROR;
				GCC_WARN_UNDECLARED_SELECTOR = YES;
				GCC_WARN_UNINITIALIZED_AUTOS = YES;
				GCC_WARN_UNUSED_FUNCTION = YES;
				GCC_WARN_UNUSED_VARIABLE = YES;
				IPHONEOS_DEPLOYMENT_TARGET = 7.0;
				ONLY_ACTIVE_ARCH = YES;
				SDKROOT = iphoneos;
				TARGETED_DEVICE_FAMILY = "1,2";
			};
			name = Debug;
		};
		43D63E15186F4C310070530E /* Release */ = {
			isa = XCBuildConfiguration;
			buildSettings = {
				ALWAYS_SEARCH_USER_PATHS = NO;
				ARCHS = "$(ARCHS_STANDARD_INCLUDING_64_BIT)";
				CLANG_CXX_LANGUAGE_STANDARD = "gnu++0x";
				CLANG_CXX_LIBRARY = "libc++";
				CLANG_ENABLE_MODULES = YES;
				CLANG_ENABLE_OBJC_ARC = YES;
				CLANG_WARN_BOOL_CONVERSION = YES;
				CLANG_WARN_CONSTANT_CONVERSION = YES;
				CLANG_WARN_DIRECT_OBJC_ISA_USAGE = YES_ERROR;
				CLANG_WARN_EMPTY_BODY = YES;
				CLANG_WARN_ENUM_CONVERSION = YES;
				CLANG_WARN_INT_CONVERSION = YES;
				CLANG_WARN_OBJC_ROOT_CLASS = YES_ERROR;
				CLANG_WARN__DUPLICATE_METHOD_MATCH = YES;
				"CODE_SIGN_IDENTITY[sdk=iphoneos*]" = "iPhone Developer";
				COPY_PHASE_STRIP = YES;
				ENABLE_NS_ASSERTIONS = NO;
				GCC_C_LANGUAGE_STANDARD = gnu99;
				GCC_WARN_64_TO_32_BIT_CONVERSION = YES;
				GCC_WARN_ABOUT_RETURN_TYPE = YES_ERROR;
				GCC_WARN_UNDECLARED_SELECTOR = YES;
				GCC_WARN_UNINITIALIZED_AUTOS = YES;
				GCC_WARN_UNUSED_FUNCTION = YES;
				GCC_WARN_UNUSED_VARIABLE = YES;
				IPHONEOS_DEPLOYMENT_TARGET = 7.0;
				SDKROOT = iphoneos;
				TARGETED_DEVICE_FAMILY = "1,2";
				VALIDATE_PRODUCT = YES;
			};
			name = Release;
		};
		43D63E17186F4C310070530E /* Debug */ = {
			isa = XCBuildConfiguration;
			buildSettings = {
				ASSETCATALOG_COMPILER_APPICON_NAME = AppIcon;
				ASSETCATALOG_COMPILER_LAUNCHIMAGE_NAME = LaunchImage;
				GCC_PRECOMPILE_PREFIX_HEADER = YES;
				GCC_PREFIX_HEADER = "HondaBest/HondaBest-Prefix.pch";
				INFOPLIST_FILE = "HondaBest/HondaBest-Info.plist";
				PRODUCT_NAME = "$(TARGET_NAME)";
				WRAPPER_EXTENSION = app;
			};
			name = Debug;
		};
		43D63E18186F4C310070530E /* Release */ = {
			isa = XCBuildConfiguration;
			buildSettings = {
				ASSETCATALOG_COMPILER_APPICON_NAME = AppIcon;
				ASSETCATALOG_COMPILER_LAUNCHIMAGE_NAME = LaunchImage;
				GCC_PRECOMPILE_PREFIX_HEADER = YES;
				GCC_PREFIX_HEADER = "HondaBest/HondaBest-Prefix.pch";
				INFOPLIST_FILE = "HondaBest/HondaBest-Info.plist";
				PRODUCT_NAME = "$(TARGET_NAME)";
				WRAPPER_EXTENSION = app;
			};
			name = Release;
		};
		43D63E1A186F4C310070530E /* Debug */ = {
			isa = XCBuildConfiguration;
			buildSettings = {
				ARCHS = "$(ARCHS_STANDARD_INCLUDING_64_BIT)";
				BUNDLE_LOADER = "$(BUILT_PRODUCTS_DIR)/HondaBest.app/HondaBest";
				FRAMEWORK_SEARCH_PATHS = (
					"$(SDKROOT)/Developer/Library/Frameworks",
					"$(inherited)",
					"$(DEVELOPER_FRAMEWORKS_DIR)",
				);
				GCC_PRECOMPILE_PREFIX_HEADER = YES;
				GCC_PREFIX_HEADER = "HondaBest/HondaBest-Prefix.pch";
				GCC_PREPROCESSOR_DEFINITIONS = (
					"DEBUG=1",
					"$(inherited)",
				);
				INFOPLIST_FILE = "HondaBestTests/HondaBestTests-Info.plist";
				PRODUCT_NAME = "$(TARGET_NAME)";
				TEST_HOST = "$(BUNDLE_LOADER)";
				WRAPPER_EXTENSION = xctest;
			};
			name = Debug;
		};
		43D63E1B186F4C310070530E /* Release */ = {
			isa = XCBuildConfiguration;
			buildSettings = {
				ARCHS = "$(ARCHS_STANDARD_INCLUDING_64_BIT)";
				BUNDLE_LOADER = "$(BUILT_PRODUCTS_DIR)/HondaBest.app/HondaBest";
				FRAMEWORK_SEARCH_PATHS = (
					"$(SDKROOT)/Developer/Library/Frameworks",
					"$(inherited)",
					"$(DEVELOPER_FRAMEWORKS_DIR)",
				);
				GCC_PRECOMPILE_PREFIX_HEADER = YES;
				GCC_PREFIX_HEADER = "HondaBest/HondaBest-Prefix.pch";
				INFOPLIST_FILE = "HondaBestTests/HondaBestTests-Info.plist";
				PRODUCT_NAME = "$(TARGET_NAME)";
				TEST_HOST = "$(BUNDLE_LOADER)";
				WRAPPER_EXTENSION = xctest;
			};
			name = Release;
		};
/* End XCBuildConfiguration section */

/* Begin XCConfigurationList section */
		43D63DDC186F4C310070530E /* Build configuration list for PBXProject "HondaBest" */ = {
			isa = XCConfigurationList;
			buildConfigurations = (
				43D63E14186F4C310070530E /* Debug */,
				43D63E15186F4C310070530E /* Release */,
			);
			defaultConfigurationIsVisible = 0;
			defaultConfigurationName = Release;
		};
		43D63E16186F4C310070530E /* Build configuration list for PBXNativeTarget "HondaBest" */ = {
			isa = XCConfigurationList;
			buildConfigurations = (
				43D63E17186F4C310070530E /* Debug */,
				43D63E18186F4C310070530E /* Release */,
			);
			defaultConfigurationIsVisible = 0;
			defaultConfigurationName = Release;
		};
		43D63E19186F4C310070530E /* Build configuration list for PBXNativeTarget "HondaBestTests" */ = {
			isa = XCConfigurationList;
			buildConfigurations = (
				43D63E1A186F4C310070530E /* Debug */,
				43D63E1B186F4C310070530E /* Release */,
			);
			defaultConfigurationIsVisible = 0;
			defaultConfigurationName = Release;
		};
/* End XCConfigurationList section */
	};
	rootObject = 43D63DD9186F4C310070530E /* Project object */;
}
